PODS:
  - FBSnapshotTestCase (2.1.4):
    - FBSnapshotTestCase/SwiftSupport (= 2.1.4)
  - FBSnapshotTestCase/Core (2.1.4)
  - FBSnapshotTestCase/SwiftSupport (2.1.4):
    - FBSnapshotTestCase/Core
  - XKCrashGuard (0.1.0)

DEPENDENCIES:
  - FBSnapshotTestCase
  - XKCrashGuard (from `../`)

EXTERNAL SOURCES:
  XKCrashGuard:
    :path: ../

SPEC CHECKSUMS:
  FBSnapshotTestCase: 094f9f314decbabe373b87cc339bea235a63e07a
  XKCrashGuard: 8e26422e5b382150a1cbf879c1b1e70f69b9533e

PODFILE CHECKSUM: 102e8076037e2dfd0cb775a4b02d1233a2193380

COCOAPODS: 1.3.1
